
Microsoft Visual Studio Solution File, Format Version 12.00
# Visual Studio Version 16
VisualStudioVersion = 16.0.34031.81
MinimumVisualStudioVersion = 10.0.40219.1
Project("{2150E333-8FDC-42A3-9474-1A3956D46DE8}") = "Task0", "Task0", "{4C11A8F1-C583-4107-B28F-97302EFDB5E9}"
EndProject
Project("{FAE04EC0-301F-11D3-BF4B-00C04F79EFBC}") = "Tyuiu.MyasnikovaES.Sprint1.Task0.V0", "Tyuiu.MyasnikovaES.Sprint1.Task0.V0\Tyuiu.MyasnikovaES.Sprint1.Task0.V0.csproj", "{E2F6BB66-27BD-4500-B14C-0110C14E1EBA}"
EndProject
Project("{FAE04EC0-301F-11D3-BF4B-00C04F79EFBC}") = "Tyuiu.MyasnikovaES.Sprint1.Task0.V0.Lib", "Tyuiu.MyasnikovaES.Sprint1.Task0.V0.Lib\Tyuiu.MyasnikovaES.Sprint1.Task0.V0.Lib.csproj", "{CA581BB5-411D-4E23-8465-3970F44610E6}"
EndProject
Project("{FAE04EC0-301F-11D3-BF4B-00C04F79EFBC}") = "Tyuiu.MyasnikovaES.Sprint1.Task0.V0.Test", "Tyuiu.MyasnikovaES.Sprint1.Task0.V0.Test\Tyuiu.MyasnikovaES.Sprint1.Task0.V0.Test.csproj", "{DB211728-4B6E-4748-8CAB-FE0B04A0EEC2}"
EndProject
Project("{2150E333-8FDC-42A3-9474-1A3956D46DE8}") = "Task1", "Task1", "{992D62D3-F198-4DC6-B127-D1EB8275EBBF}"
EndProject
Project("{FAE04EC0-301F-11D3-BF4B-00C04F79EFBC}") = "Tyuiu.MyasnikovaES.Sprint1.Task1.V0", "Tyuiu.MyasnikovaES.Sprint1.Task1.V0\Tyuiu.MyasnikovaES.Sprint1.Task1.V0.csproj", "{DA84EC43-044F-4454-8555-23D96B85E0E1}"
EndProject
Project("{FAE04EC0-301F-11D3-BF4B-00C04F79EFBC}") = "Tyuiu.MyasnikovaES.Sprint1.Task1.V0.Lib", "Tyuiu.MyasnikovaES.Sprint1.Task1.V0.Lib\Tyuiu.MyasnikovaES.Sprint1.Task1.V0.Lib.csproj", "{FD6209A2-3B26-4348-8849-D7081CFD88AE}"
EndProject
Project("{FAE04EC0-301F-11D3-BF4B-00C04F79EFBC}") = "Tyuiu.MyasnikovaES.Sprint1.Task1.V0.Test", "Tyuiu.MyasnikovaES.Sprint1.Task1.V0.Test\Tyuiu.MyasnikovaES.Sprint1.Task1.V0.Test.csproj", "{128FF194-EA51-4045-9455-94F3F9A8D808}"
EndProject
Project("{2150E333-8FDC-42A3-9474-1A3956D46DE8}") = "Task2", "Task2", "{A8F51279-27AB-40B2-934E-75CA16FB8492}"
EndProject
Project("{FAE04EC0-301F-11D3-BF4B-00C04F79EFBC}") = "Tyuiu.MyasnikovaES.Sprint1.Task2.V0", "Tyuiu.MyasnikovaES.Sprint1.Task2.V0\Tyuiu.MyasnikovaES.Sprint1.Task2.V0.csproj", "{40B78D18-F175-4D41-86CA-B434C5E0ADAD}"
EndProject
Project("{FAE04EC0-301F-11D3-BF4B-00C04F79EFBC}") = "Tyuiu.MyasnikovaES.Sprint1.Task2.V0.Lib", "Tyuiu.MyasnikovaES.Sprint1.Task2.V0.Lib\Tyuiu.MyasnikovaES.Sprint1.Task2.V0.Lib.csproj", "{2E7F61E0-E169-40B8-AD6A-3D0220C03AC4}"
EndProject
Project("{FAE04EC0-301F-11D3-BF4B-00C04F79EFBC}") = "Tyuiu.MyasnikovaES.Sprint1.Task2.V0.Test", "Tyuiu.MyasnikovaES.Sprint1.Task2.V0.Test\Tyuiu.MyasnikovaES.Sprint1.Task2.V0.Test.csproj", "{74229343-163D-46C5-BE55-D85AE90CB7FF}"
EndProject
Project("{2150E333-8FDC-42A3-9474-1A3956D46DE8}") = "Task3", "Task3", "{33705927-58A2-4913-9143-D994D328CE77}"
EndProject
Project("{FAE04EC0-301F-11D3-BF4B-00C04F79EFBC}") = "Tyuiu.MyasnikovaES.Sprint1.Task3.V0", "Tyuiu.MyasnikovaES.Sprint1.Task3.V0\Tyuiu.MyasnikovaES.Sprint1.Task3.V0.csproj", "{4D83C0B8-373C-4658-BE3B-25506EDEDFFE}"
EndProject
Project("{FAE04EC0-301F-11D3-BF4B-00C04F79EFBC}") = "Tyuiu.MyasnikovaES.Sprint1.Task3.V0.Lib", "Tyuiu.MyasnikovaES.Sprint1.Task3.V0.Lib\Tyuiu.MyasnikovaES.Sprint1.Task3.V0.Lib.csproj", "{195BD747-06C9-401D-994C-E56CFA540608}"
EndProject
Project("{FAE04EC0-301F-11D3-BF4B-00C04F79EFBC}") = "Tyuiu.MyasnikovaES.Sprint1.Task3.V0.Test", "Tyuiu.MyasnikovaES.Sprint1.Task3.V0.Test\Tyuiu.MyasnikovaES.Sprint1.Task3.V0.Test.csproj", "{325C4640-FEC7-473E-A89B-757543A38265}"
EndProject
Project("{2150E333-8FDC-42A3-9474-1A3956D46DE8}") = "Task4", "Task4", "{FD6A020D-D54A-42A1-A86E-4D864CF26816}"
EndProject
Project("{FAE04EC0-301F-11D3-BF4B-00C04F79EFBC}") = "Tyuiu.MyasnikovaES.Sprint1.Task4.V0", "Tyuiu.MyasnikovaES.Sprint1.Task4.V0\Tyuiu.MyasnikovaES.Sprint1.Task4.V0.csproj", "{C86FBE03-12B2-4C23-9981-D007BA7FB817}"
EndProject
Project("{FAE04EC0-301F-11D3-BF4B-00C04F79EFBC}") = "Tyuiu.MyasnikovaES.Sprint1.Task4.V0.Lib", "Tyuiu.MyasnikovaES.Sprint1.Task4.V0.Lib\Tyuiu.MyasnikovaES.Sprint1.Task4.V0.Lib.csproj", "{BDC46C52-2B32-4886-BF31-67E5E03E556E}"
EndProject
Project("{FAE04EC0-301F-11D3-BF4B-00C04F79EFBC}") = "Tyuiu.MyasnikovaES.Sprint1.Task4.V0.Test", "Tyuiu.MyasnikovaES.Sprint1.Task4.V0.Test\Tyuiu.MyasnikovaES.Sprint1.Task4.V0.Test.csproj", "{BADAB760-069E-4985-9690-279B66FABECD}"
EndProject
Project("{2150E333-8FDC-42A3-9474-1A3956D46DE8}") = "Task5", "Task5", "{C63199EF-7DC4-4F25-8068-263E8858BCBC}"
EndProject
Project("{FAE04EC0-301F-11D3-BF4B-00C04F79EFBC}") = "Tyuiu.MyasnikovaES.Sprint1.Task5.V0", "Tyuiu.MyasnikovaES.Sprint1.Task5.V0\Tyuiu.MyasnikovaES.Sprint1.Task5.V0.csproj", "{22C1466F-2979-4E97-8403-11189E1717CD}"
EndProject
Project("{FAE04EC0-301F-11D3-BF4B-00C04F79EFBC}") = "Tyuiu.MyasnikovaES.Sprint1.Task5.V0.Lib", "Tyuiu.MyasnikovaES.Sprint1.Task5.V0.Lib\Tyuiu.MyasnikovaES.Sprint1.Task5.V0.Lib.csproj", "{11897D5F-1131-4755-A561-981374E0E846}"
EndProject
Project("{FAE04EC0-301F-11D3-BF4B-00C04F79EFBC}") = "Tyuiu.MyasnikovaES.Sprint1.Task5.V0.Test", "Tyuiu.MyasnikovaES.Sprint1.Task5.V0.Test\Tyuiu.MyasnikovaES.Sprint1.Task5.V0.Test.csproj", "{FE3E9E3F-EDF6-4F15-81E6-983C621E1629}"
EndProject
Project("{2150E333-8FDC-42A3-9474-1A3956D46DE8}") = "Task6", "Task6", "{BE7A0149-A43C-4D33-896E-793AF1794DC7}"
EndProject
Project("{FAE04EC0-301F-11D3-BF4B-00C04F79EFBC}") = "Tyuiu.MyasnikovaES.Sprint1.Task6.V0", "Tyuiu.MyasnikovaES.Sprint1.Task6.V0\Tyuiu.MyasnikovaES.Sprint1.Task6.V0.csproj", "{D76AF4DD-2632-4C13-808E-5E52110703BB}"
EndProject
Project("{FAE04EC0-301F-11D3-BF4B-00C04F79EFBC}") = "Tyuiu.MyasnikovaES.Sprint1.Task6.V0.Lib", "Tyuiu.MyasnikovaES.Sprint1.Task6.V0.Lib\Tyuiu.MyasnikovaES.Sprint1.Task6.V0.Lib.csproj", "{A3991CE4-0352-4C1E-8886-5BA7F1297CE0}"
EndProject
Project("{FAE04EC0-301F-11D3-BF4B-00C04F79EFBC}") = "Tyuiu.MyasnikovaES.Sprint1.Task6.V0.Test", "Tyuiu.MyasnikovaES.Sprint1.Task6.V0.Test\Tyuiu.MyasnikovaES.Sprint1.Task6.V0.Test.csproj", "{27571113-4222-44EB-A0F7-EC3809BD2A08}"
EndProject
Global
	GlobalSection(SolutionConfigurationPlatforms) = preSolution
		Debug|Any CPU = Debug|Any CPU
		Release|Any CPU = Release|Any CPU
	EndGlobalSection
	GlobalSection(ProjectConfigurationPlatforms) = postSolution
		{E2F6BB66-27BD-4500-B14C-0110C14E1EBA}.Debug|Any CPU.ActiveCfg = Debug|Any CPU
		{E2F6BB66-27BD-4500-B14C-0110C14E1EBA}.Debug|Any CPU.Build.0 = Debug|Any CPU
		{E2F6BB66-27BD-4500-B14C-0110C14E1EBA}.Release|Any CPU.ActiveCfg = Release|Any CPU
		{E2F6BB66-27BD-4500-B14C-0110C14E1EBA}.Release|Any CPU.Build.0 = Release|Any CPU
		{CA581BB5-411D-4E23-8465-3970F44610E6}.Debug|Any CPU.ActiveCfg = Debug|Any CPU
		{CA581BB5-411D-4E23-8465-3970F44610E6}.Debug|Any CPU.Build.0 = Debug|Any CPU
		{CA581BB5-411D-4E23-8465-3970F44610E6}.Release|Any CPU.ActiveCfg = Release|Any CPU
		{CA581BB5-411D-4E23-8465-3970F44610E6}.Release|Any CPU.Build.0 = Release|Any CPU
		{DB211728-4B6E-4748-8CAB-FE0B04A0EEC2}.Debug|Any CPU.ActiveCfg = Debug|Any CPU
		{DB211728-4B6E-4748-8CAB-FE0B04A0EEC2}.Debug|Any CPU.Build.0 = Debug|Any CPU
		{DB211728-4B6E-4748-8CAB-FE0B04A0EEC2}.Release|Any CPU.ActiveCfg = Release|Any CPU
		{DB211728-4B6E-4748-8CAB-FE0B04A0EEC2}.Release|Any CPU.Build.0 = Release|Any CPU
		{DA84EC43-044F-4454-8555-23D96B85E0E1}.Debug|Any CPU.ActiveCfg = Debug|Any CPU
		{DA84EC43-044F-4454-8555-23D96B85E0E1}.Debug|Any CPU.Build.0 = Debug|Any CPU
		{DA84EC43-044F-4454-8555-23D96B85E0E1}.Release|Any CPU.ActiveCfg = Release|Any CPU
		{DA84EC43-044F-4454-8555-23D96B85E0E1}.Release|Any CPU.Build.0 = Release|Any CPU
		{FD6209A2-3B26-4348-8849-D7081CFD88AE}.Debug|Any CPU.ActiveCfg = Debug|Any CPU
		{FD6209A2-3B26-4348-8849-D7081CFD88AE}.Debug|Any CPU.Build.0 = Debug|Any CPU
		{FD6209A2-3B26-4348-8849-D7081CFD88AE}.Release|Any CPU.ActiveCfg = Release|Any CPU
		{FD6209A2-3B26-4348-8849-D7081CFD88AE}.Release|Any CPU.Build.0 = Release|Any CPU
		{128FF194-EA51-4045-9455-94F3F9A8D808}.Debug|Any CPU.ActiveCfg = Debug|Any CPU
		{128FF194-EA51-4045-9455-94F3F9A8D808}.Debug|Any CPU.Build.0 = Debug|Any CPU
		{128FF194-EA51-4045-9455-94F3F9A8D808}.Release|Any CPU.ActiveCfg = Release|Any CPU
		{128FF194-EA51-4045-9455-94F3F9A8D808}.Release|Any CPU.Build.0 = Release|Any CPU
		{40B78D18-F175-4D41-86CA-B434C5E0ADAD}.Debug|Any CPU.ActiveCfg = Debug|Any CPU
		{40B78D18-F175-4D41-86CA-B434C5E0ADAD}.Debug|Any CPU.Build.0 = Debug|Any CPU
		{40B78D18-F175-4D41-86CA-B434C5E0ADAD}.Release|Any CPU.ActiveCfg = Release|Any CPU
		{40B78D18-F175-4D41-86CA-B434C5E0ADAD}.Release|Any CPU.Build.0 = Release|Any CPU
		{2E7F61E0-E169-40B8-AD6A-3D0220C03AC4}.Debug|Any CPU.ActiveCfg = Debug|Any CPU
		{2E7F61E0-E169-40B8-AD6A-3D0220C03AC4}.Debug|Any CPU.Build.0 = Debug|Any CPU
		{2E7F61E0-E169-40B8-AD6A-3D0220C03AC4}.Release|Any CPU.ActiveCfg = Release|Any CPU
		{2E7F61E0-E169-40B8-AD6A-3D0220C03AC4}.Release|Any CPU.Build.0 = Release|Any CPU
		{74229343-163D-46C5-BE55-D85AE90CB7FF}.Debug|Any CPU.ActiveCfg = Debug|Any CPU
		{74229343-163D-46C5-BE55-D85AE90CB7FF}.Debug|Any CPU.Build.0 = Debug|Any CPU
		{74229343-163D-46C5-BE55-D85AE90CB7FF}.Release|Any CPU.ActiveCfg = Release|Any CPU
		{74229343-163D-46C5-BE55-D85AE90CB7FF}.Release|Any CPU.Build.0 = Release|Any CPU
		{4D83C0B8-373C-4658-BE3B-25506EDEDFFE}.Debug|Any CPU.ActiveCfg = Debug|Any CPU
		{4D83C0B8-373C-4658-BE3B-25506EDEDFFE}.Debug|Any CPU.Build.0 = Debug|Any CPU
		{4D83C0B8-373C-4658-BE3B-25506EDEDFFE}.Release|Any CPU.ActiveCfg = Release|Any CPU
		{4D83C0B8-373C-4658-BE3B-25506EDEDFFE}.Release|Any CPU.Build.0 = Release|Any CPU
		{195BD747-06C9-401D-994C-E56CFA540608}.Debug|Any CPU.ActiveCfg = Debug|Any CPU
		{195BD747-06C9-401D-994C-E56CFA540608}.Debug|Any CPU.Build.0 = Debug|Any CPU
		{195BD747-06C9-401D-994C-E56CFA540608}.Release|Any CPU.ActiveCfg = Release|Any CPU
		{195BD747-06C9-401D-994C-E56CFA540608}.Release|Any CPU.Build.0 = Release|Any CPU
		{325C4640-FEC7-473E-A89B-757543A38265}.Debug|Any CPU.ActiveCfg = Debug|Any CPU
		{325C4640-FEC7-473E-A89B-757543A38265}.Debug|Any CPU.Build.0 = Debug|Any CPU
		{325C4640-FEC7-473E-A89B-757543A38265}.Release|Any CPU.ActiveCfg = Release|Any CPU
		{325C4640-FEC7-473E-A89B-757543A38265}.Release|Any CPU.Build.0 = Release|Any CPU
		{C86FBE03-12B2-4C23-9981-D007BA7FB817}.Debug|Any CPU.ActiveCfg = Debug|Any CPU
		{C86FBE03-12B2-4C23-9981-D007BA7FB817}.Debug|Any CPU.Build.0 = Debug|Any CPU
		{C86FBE03-12B2-4C23-9981-D007BA7FB817}.Release|Any CPU.ActiveCfg = Release|Any CPU
		{C86FBE03-12B2-4C23-9981-D007BA7FB817}.Release|Any CPU.Build.0 = Release|Any CPU
		{BDC46C52-2B32-4886-BF31-67E5E03E556E}.Debug|Any CPU.ActiveCfg = Debug|Any CPU
		{BDC46C52-2B32-4886-BF31-67E5E03E556E}.Debug|Any CPU.Build.0 = Debug|Any CPU
		{BDC46C52-2B32-4886-BF31-67E5E03E556E}.Release|Any CPU.ActiveCfg = Release|Any CPU
		{BDC46C52-2B32-4886-BF31-67E5E03E556E}.Release|Any CPU.Build.0 = Release|Any CPU
		{BADAB760-069E-4985-9690-279B66FABECD}.Debug|Any CPU.ActiveCfg = Debug|Any CPU
		{BADAB760-069E-4985-9690-279B66FABECD}.Debug|Any CPU.Build.0 = Debug|Any CPU
		{BADAB760-069E-4985-9690-279B66FABECD}.Release|Any CPU.ActiveCfg = Release|Any CPU
		{BADAB760-069E-4985-9690-279B66FABECD}.Release|Any CPU.Build.0 = Release|Any CPU
		{22C1466F-2979-4E97-8403-11189E1717CD}.Debug|Any CPU.ActiveCfg = Debug|Any CPU
		{22C1466F-2979-4E97-8403-11189E1717CD}.Debug|Any CPU.Build.0 = Debug|Any CPU
		{22C1466F-2979-4E97-8403-11189E1717CD}.Release|Any CPU.ActiveCfg = Release|Any CPU
		{22C1466F-2979-4E97-8403-11189E1717CD}.Release|Any CPU.Build.0 = Release|Any CPU
		{11897D5F-1131-4755-A561-981374E0E846}.Debug|Any CPU.ActiveCfg = Debug|Any CPU
		{11897D5F-1131-4755-A561-981374E0E846}.Debug|Any CPU.Build.0 = Debug|Any CPU
		{11897D5F-1131-4755-A561-981374E0E846}.Release|Any CPU.ActiveCfg = Release|Any CPU
		{11897D5F-1131-4755-A561-981374E0E846}.Release|Any CPU.Build.0 = Release|Any CPU
		{FE3E9E3F-EDF6-4F15-81E6-983C621E1629}.Debug|Any CPU.ActiveCfg = Debug|Any CPU
		{FE3E9E3F-EDF6-4F15-81E6-983C621E1629}.Debug|Any CPU.Build.0 = Debug|Any CPU
		{FE3E9E3F-EDF6-4F15-81E6-983C621E1629}.Release|Any CPU.ActiveCfg = Release|Any CPU
		{FE3E9E3F-EDF6-4F15-81E6-983C621E1629}.Release|Any CPU.Build.0 = Release|Any CPU
		{D76AF4DD-2632-4C13-808E-5E52110703BB}.Debug|Any CPU.ActiveCfg = Debug|Any CPU
		{D76AF4DD-2632-4C13-808E-5E52110703BB}.Debug|Any CPU.Build.0 = Debug|Any CPU
		{D76AF4DD-2632-4C13-808E-5E52110703BB}.Release|Any CPU.ActiveCfg = Release|Any CPU
		{D76AF4DD-2632-4C13-808E-5E52110703BB}.Release|Any CPU.Build.0 = Release|Any CPU
		{A3991CE4-0352-4C1E-8886-5BA7F1297CE0}.Debug|Any CPU.ActiveCfg = Debug|Any CPU
		{A3991CE4-0352-4C1E-8886-5BA7F1297CE0}.Debug|Any CPU.Build.0 = Debug|Any CPU
		{A3991CE4-0352-4C1E-8886-5BA7F1297CE0}.Release|Any CPU.ActiveCfg = Release|Any CPU
		{A3991CE4-0352-4C1E-8886-5BA7F1297CE0}.Release|Any CPU.Build.0 = Release|Any CPU
		{27571113-4222-44EB-A0F7-EC3809BD2A08}.Debug|Any CPU.ActiveCfg = Debug|Any CPU
		{27571113-4222-44EB-A0F7-EC3809BD2A08}.Debug|Any CPU.Build.0 = Debug|Any CPU
		{27571113-4222-44EB-A0F7-EC3809BD2A08}.Release|Any CPU.ActiveCfg = Release|Any CPU
		{27571113-4222-44EB-A0F7-EC3809BD2A08}.Release|Any CPU.Build.0 = Release|Any CPU
	EndGlobalSection
	GlobalSection(SolutionProperties) = preSolution
		HideSolutionNode = FALSE
	EndGlobalSection
	GlobalSection(NestedProjects) = preSolution
		{E2F6BB66-27BD-4500-B14C-0110C14E1EBA} = {4C11A8F1-C583-4107-B28F-97302EFDB5E9}
		{CA581BB5-411D-4E23-8465-3970F44610E6} = {4C11A8F1-C583-4107-B28F-97302EFDB5E9}
		{DB211728-4B6E-4748-8CAB-FE0B04A0EEC2} = {4C11A8F1-C583-4107-B28F-97302EFDB5E9}
		{DA84EC43-044F-4454-8555-23D96B85E0E1} = {992D62D3-F198-4DC6-B127-D1EB8275EBBF}
		{FD6209A2-3B26-4348-8849-D7081CFD88AE} = {992D62D3-F198-4DC6-B127-D1EB8275EBBF}
		{128FF194-EA51-4045-9455-94F3F9A8D808} = {992D62D3-F198-4DC6-B127-D1EB8275EBBF}
		{40B78D18-F175-4D41-86CA-B434C5E0ADAD} = {A8F51279-27AB-40B2-934E-75CA16FB8492}
		{2E7F61E0-E169-40B8-AD6A-3D0220C03AC4} = {A8F51279-27AB-40B2-934E-75CA16FB8492}
		{74229343-163D-46C5-BE55-D85AE90CB7FF} = {A8F51279-27AB-40B2-934E-75CA16FB8492}
		{4D83C0B8-373C-4658-BE3B-25506EDEDFFE} = {33705927-58A2-4913-9143-D994D328CE77}
		{195BD747-06C9-401D-994C-E56CFA540608} = {33705927-58A2-4913-9143-D994D328CE77}
		{325C4640-FEC7-473E-A89B-757543A38265} = {33705927-58A2-4913-9143-D994D328CE77}
		{C86FBE03-12B2-4C23-9981-D007BA7FB817} = {FD6A020D-D54A-42A1-A86E-4D864CF26816}
		{BDC46C52-2B32-4886-BF31-67E5E03E556E} = {FD6A020D-D54A-42A1-A86E-4D864CF26816}
		{BADAB760-069E-4985-9690-279B66FABECD} = {FD6A020D-D54A-42A1-A86E-4D864CF26816}
		{22C1466F-2979-4E97-8403-11189E1717CD} = {C63199EF-7DC4-4F25-8068-263E8858BCBC}
		{11897D5F-1131-4755-A561-981374E0E846} = {C63199EF-7DC4-4F25-8068-263E8858BCBC}
		{FE3E9E3F-EDF6-4F15-81E6-983C621E1629} = {C63199EF-7DC4-4F25-8068-263E8858BCBC}
		{D76AF4DD-2632-4C13-808E-5E52110703BB} = {BE7A0149-A43C-4D33-896E-793AF1794DC7}
		{A3991CE4-0352-4C1E-8886-5BA7F1297CE0} = {BE7A0149-A43C-4D33-896E-793AF1794DC7}
		{27571113-4222-44EB-A0F7-EC3809BD2A08} = {BE7A0149-A43C-4D33-896E-793AF1794DC7}
	EndGlobalSection
	GlobalSection(ExtensibilityGlobals) = postSolution
		SolutionGuid = {F54A6468-01C7-42DA-B37E-78784A335087}
	EndGlobalSection
EndGlobal
